
Microsoft Visual Studio Solution File, Format Version 12.00
# Visual Studio Version 17
VisualStudioVersion = 17.9.34622.214
MinimumVisualStudioVersion = 10.0.40219.1
Project("{FAE04EC0-301F-11D3-BF4B-00C04F79EFBC}") = "otoparkclass", "otoparkclass.csproj", "{A9218177-B30A-4267-BEBC-9F089CF41672}"
EndProject
Global
	GlobalSection(SolutionConfigurationPlatforms) = preSolution
		Debug|Any CPU = Debug|Any CPU
		Release|Any CPU = Release|Any CPU
	EndGlobalSection
	GlobalSection(ProjectConfigurationPlatforms) = postSolution
		{A9218177-B30A-4267-BEBC-9F089CF41672}.Debug|Any CPU.ActiveCfg = Debug|Any CPU
		{A9218177-B30A-4267-BEBC-9F089CF41672}.Debug|Any CPU.Build.0 = Debug|Any CPU
		{A9218177-B30A-4267-BEBC-9F089CF41672}.Release|Any CPU.ActiveCfg = Release|Any CPU
		{A9218177-B30A-4267-BEBC-9F089CF41672}.Release|Any CPU.Build.0 = Release|Any CPU
	EndGlobalSection
	GlobalSection(SolutionProperties) = preSolution
		HideSolutionNode = FALSE
	EndGlobalSection
	GlobalSection(ExtensibilityGlobals) = postSolution
		SolutionGuid = {7D6F3748-942A-4B55-BDB8-65C396DC5A98}
	EndGlobalSection
EndGlobal
